
Microsoft Visual Studio Solution File, Format Version 12.00
# Visual Studio Version 17
VisualStudioVersion = 17.5.33414.496
MinimumVisualStudioVersion = 10.0.40219.1
Project("{FAE04EC0-301F-11D3-BF4B-00C04F79EFBC}") = "Employee_polymorphism", "Employee_polymorphism\Employee_polymorphism.csproj", "{0A6ADEB0-873C-41CC-BD4E-024AAC7ABFBD}"
EndProject
Global
	GlobalSection(SolutionConfigurationPlatforms) = preSolution
		Debug|Any CPU = Debug|Any CPU
		Release|Any CPU = Release|Any CPU
	EndGlobalSection
	GlobalSection(ProjectConfigurationPlatforms) = postSolution
		{0A6ADEB0-873C-41CC-BD4E-024AAC7ABFBD}.Debug|Any CPU.ActiveCfg = Debug|Any CPU
		{0A6ADEB0-873C-41CC-BD4E-024AAC7ABFBD}.Debug|Any CPU.Build.0 = Debug|Any CPU
		{0A6ADEB0-873C-41CC-BD4E-024AAC7ABFBD}.Release|Any CPU.ActiveCfg = Release|Any CPU
		{0A6ADEB0-873C-41CC-BD4E-024AAC7ABFBD}.Release|Any CPU.Build.0 = Release|Any CPU
	EndGlobalSection
	GlobalSection(SolutionProperties) = preSolution
		HideSolutionNode = FALSE
	EndGlobalSection
	GlobalSection(ExtensibilityGlobals) = postSolution
		SolutionGuid = {2C2837AA-73DF-4ED3-B487-5F6DF2C00884}
	EndGlobalSection
EndGlobal
